// !$*UTF8*$!
{
	archiveVersion = 1;
	classes = {
	};
	objectVersion = 46;
	objects = {

/* Begin PBXBuildFile section */
		8B8625DF1A69241900EA3BC4 /* AppDelegate.swift in Sources */ = {isa = PBXBuildFile; fileRef = 8B8625DE1A69241900EA3BC4 /* AppDelegate.swift */; };
		8B8625E11A69241900EA3BC4 /* ViewController.swift in Sources */ = {isa = PBXBuildFile; fileRef = 8B8625E01A69241900EA3BC4 /* ViewController.swift */; };
		8B8625E41A69241900EA3BC4 /* Main.storyboard in Resources */ = {isa = PBXBuildFile; fileRef = 8B8625E21A69241900EA3BC4 /* Main.storyboard */; };
		8B8625E61A69241900EA3BC4 /* Images.xcassets in Resources */ = {isa = PBXBuildFile; fileRef = 8B8625E51A69241900EA3BC4 /* Images.xcassets */; };
		8B8625E91A69241900EA3BC4 /* LaunchScreen.xib in Resources */ = {isa = PBXBuildFile; fileRef = 8B8625E71A69241900EA3BC4 /* LaunchScreen.xib */; };
		8B8625F51A69241900EA3BC4 /* SolverTests.swift in Sources */ = {isa = PBXBuildFile; fileRef = 8B8625F41A69241900EA3BC4 /* SolverTests.swift */; };
		8BDA54701A6AEA5D009A7A6D /* iAd.framework in Frameworks */ = {isa = PBXBuildFile; fileRef = 8BDA546F1A6AEA5D009A7A6D /* iAd.framework */; };
/* End PBXBuildFile section */

/* Begin PBXContainerItemProxy section */
		8B8625EF1A69241900EA3BC4 /* PBXContainerItemProxy */ = {
			isa = PBXContainerItemProxy;
			containerPortal = 8B8625D11A69241900EA3BC4 /* Project object */;
			proxyType = 1;
			remoteGlobalIDString = 8B8625D81A69241900EA3BC4;
			remoteInfo = Solver;
		};
/* End PBXContainerItemProxy section */

/* Begin PBXFileReference section */
		8B8625D91A69241900EA3BC4 /* Solver.app */ = {isa = PBXFileReference; explicitFileType = wrapper.application; includeInIndex = 0; path = Solver.app; sourceTree = BUILT_PRODUCTS_DIR; };
		8B8625DD1A69241900EA3BC4 /* Info.plist */ = {isa = PBXFileReference; lastKnownFileType = text.plist.xml; path = Info.plist; sourceTree = "<group>"; };
		8B8625DE1A69241900EA3BC4 /* AppDelegate.swift */ = {isa = PBXFileReference; lastKnownFileType = sourcecode.swift; path = AppDelegate.swift; sourceTree = "<group>"; };
		8B8625E01A69241900EA3BC4 /* ViewController.swift */ = {isa = PBXFileReference; lastKnownFileType = sourcecode.swift; path = ViewController.swift; sourceTree = "<group>"; };
		8B8625E31A69241900EA3BC4 /* Base */ = {isa = PBXFileReference; lastKnownFileType = file.storyboard; name = Base; path = Base.lproj/Main.storyboard; sourceTree = "<group>"; };
		8B8625E51A69241900EA3BC4 /* Images.xcassets */ = {isa = PBXFileReference; lastKnownFileType = folder.assetcatalog; path = Images.xcassets; sourceTree = "<group>"; };
		8B8625E81A69241900EA3BC4 /* Base */ = {isa = PBXFileReference; lastKnownFileType = file.xib; name = Base; path = Base.lproj/LaunchScreen.xib; sourceTree = "<group>"; };
		8B8625EE1A69241900EA3BC4 /* SolverTests.xctest */ = {isa = PBXFileReference; explicitFileType = wrapper.cfbundle; includeInIndex = 0; path = SolverTests.xctest; sourceTree = BUILT_PRODUCTS_DIR; };
		8B8625F31A69241900EA3BC4 /* Info.plist */ = {isa = PBXFileReference; lastKnownFileType = text.plist.xml; path = Info.plist; sourceTree = "<group>"; };
		8B8625F41A69241900EA3BC4 /* SolverTests.swift */ = {isa = PBXFileReference; lastKnownFileType = sourcecode.swift; path = SolverTests.swift; sourceTree = "<group>"; };
		8BDA546F1A6AEA5D009A7A6D /* iAd.framework */ = {isa = PBXFileReference; lastKnownFileType = wrapper.framework; name = iAd.framework; path = System/Library/Frameworks/iAd.framework; sourceTree = SDKROOT; };
/* End PBXFileReference section */

/* Begin PBXFrameworksBuildPhase section */
		8B8625D61A69241900EA3BC4 /* Frameworks */ = {
			isa = PBXFrameworksBuildPhase;
			buildActionMask = 2147483647;
			files = (
				8BDA54701A6AEA5D009A7A6D /* iAd.framework in Frameworks */,
			);
			runOnlyForDeploymentPostprocessing = 0;
		};
		8B8625EB1A69241900EA3BC4 /* Frameworks */ = {
			isa = PBXFrameworksBuildPhase;
			buildActionMask = 2147483647;
			files = (
			);
			runOnlyForDeploymentPostprocessing = 0;
		};
/* End PBXFrameworksBuildPhase section */

/* Begin PBXGroup section */
		8B8625D01A69241900EA3BC4 = {
			isa = PBXGroup;
			children = (
				8BDA546F1A6AEA5D009A7A6D /* iAd.framework */,
				8B8625DB1A69241900EA3BC4 /* Solver */,
				8B8625F11A69241900EA3BC4 /* SolverTests */,
				8B8625DA1A69241900EA3BC4 /* Products */,
			);
			sourceTree = "<group>";
		};
		8B8625DA1A69241900EA3BC4 /* Products */ = {
			isa = PBXGroup;
			children = (
				8B8625D91A69241900EA3BC4 /* Solver.app */,
				8B8625EE1A69241900EA3BC4 /* SolverTests.xctest */,
			);
			name = Products;
			sourceTree = "<group>";
		};
		8B8625DB1A69241900EA3BC4 /* Solver */ = {
			isa = PBXGroup;
			children = (
				8B8625DE1A69241900EA3BC4 /* AppDelegate.swift */,
				8B8625E01A69241900EA3BC4 /* ViewController.swift */,
				8B8625E21A69241900EA3BC4 /* Main.storyboard */,
				8B8625E51A69241900EA3BC4 /* Images.xcassets */,
				8B8625E71A69241900EA3BC4 /* LaunchScreen.xib */,
				8B8625DC1A69241900EA3BC4 /* Supporting Files */,
			);
			path = Solver;
			sourceTree = "<group>";
		};
		8B8625DC1A69241900EA3BC4 /* Supporting Files */ = {
			isa = PBXGroup;
			children = (
				8B8625DD1A69241900EA3BC4 /* Info.plist */,
			);
			name = "Supporting Files";
			sourceTree = "<group>";
		};
		8B8625F11A69241900EA3BC4 /* SolverTests */ = {
			isa = PBXGroup;
			children = (
				8B8625F41A69241900EA3BC4 /* SolverTests.swift */,
				8B8625F21A69241900EA3BC4 /* Supporting Files */,
			);
			path = SolverTests;
			sourceTree = "<group>";
		};
		8B8625F21A69241900EA3BC4 /* Supporting Files */ = {
			isa = PBXGroup;
			children = (
				8B8625F31A69241900EA3BC4 /* Info.plist */,
			);
			name = "Supporting Files";
			sourceTree = "<group>";
		};
/* End PBXGroup section */

/* Begin PBXNativeTarget section */
		8B8625D81A69241900EA3BC4 /* Solver */ = {
			isa = PBXNativeTarget;
			buildConfigurationList = 8B8625F81A69241900EA3BC4 /* Build configuration list for PBXNativeTarget "Solver" */;
			buildPhases = (
				8B8625D51A69241900EA3BC4 /* Sources */,
				8B8625D61A69241900EA3BC4 /* Frameworks */,
				8B8625D71A69241900EA3BC4 /* Resources */,
			);
			buildRules = (
			);
			dependencies = (
			);
			name = Solver;
			productName = Solver;
			productReference = 8B8625D91A69241900EA3BC4 /* Solver.app */;
			productType = "com.apple.product-type.application";
		};
		8B8625ED1A69241900EA3BC4 /* SolverTests */ = {
			isa = PBXNativeTarget;
			buildConfigurationList = 8B8625FB1A69241900EA3BC4 /* Build configuration list for PBXNativeTarget "SolverTests" */;
			buildPhases = (
				8B8625EA1A69241900EA3BC4 /* Sources */,
				8B8625EB1A69241900EA3BC4 /* Frameworks */,
				8B8625EC1A69241900EA3BC4 /* Resources */,
			);
			buildRules = (
			);
			dependencies = (
				8B8625F01A69241900EA3BC4 /* PBXTargetDependency */,
			);
			name = SolverTests;
			productName = SolverTests;
			productReference = 8B8625EE1A69241900EA3BC4 /* SolverTests.xctest */;
			productType = "com.apple.product-type.bundle.unit-test";
		};
/* End PBXNativeTarget section */

/* Begin PBXProject section */
		8B8625D11A69241900EA3BC4 /* Project object */ = {
			isa = PBXProject;
			attributes = {
				LastUpgradeCheck = 0610;
				ORGANIZATIONNAME = "Jaroslaw Konieczny";
				TargetAttributes = {
					8B8625D81A69241900EA3BC4 = {
						CreatedOnToolsVersion = 6.1.1;
					};
					8B8625ED1A69241900EA3BC4 = {
						CreatedOnToolsVersion = 6.1.1;
						TestTargetID = 8B8625D81A69241900EA3BC4;
					};
				};
			};
			buildConfigurationList = 8B8625D41A69241900EA3BC4 /* Build configuration list for PBXProject "Solver" */;
			compatibilityVersion = "Xcode 3.2";
			developmentRegion = English;
			hasScannedForEncodings = 0;
			knownRegions = (
				en,
				Base,
			);
			mainGroup = 8B8625D01A69241900EA3BC4;
			productRefGroup = 8B8625DA1A69241900EA3BC4 /* Products */;
			projectDirPath = "";
			projectRoot = "";
			targets = (
				8B8625D81A69241900EA3BC4 /* Solver */,
				8B8625ED1A69241900EA3BC4 /* SolverTests */,
			);
		};
/* End PBXProject section */

/* Begin PBXResourcesBuildPhase section */
		8B8625D71A69241900EA3BC4 /* Resources */ = {
			isa = PBXResourcesBuildPhase;
			buildActionMask = 2147483647;
			files = (
				8B8625E41A69241900EA3BC4 /* Main.storyboard in Resources */,
				8B8625E91A69241900EA3BC4 /* LaunchScreen.xib in Resources */,
				8B8625E61A69241900EA3BC4 /* Images.xcassets in Resources */,
			);
			runOnlyForDeploymentPostprocessing = 0;
		};
		8B8625EC1A69241900EA3BC4 /* Resources */ = {
			isa = PBXResourcesBuildPhase;
			buildActionMask = 2147483647;
			files = (
			);
			runOnlyForDeploymentPostprocessing = 0;
		};
/* End PBXResourcesBuildPhase section */

/* Begin PBXSourcesBuildPhase section */
		8B8625D51A69241900EA3BC4 /* Sources */ = {
			isa = PBXSourcesBuildPhase;
			buildActionMask = 2147483647;
			files = (
				8B8625E11A69241900EA3BC4 /* ViewController.swift in Sources */,
				8B8625DF1A69241900EA3BC4 /* AppDelegate.swift in Sources */,
			);
			runOnlyForDeploymentPostprocessing = 0;
		};
		8B8625EA1A69241900EA3BC4 /* Sources */ = {
			isa = PBXSourcesBuildPhase;
			buildActionMask = 2147483647;
			files = (
				8B8625F51A69241900EA3BC4 /* SolverTests.swift in Sources */,
			);
			runOnlyForDeploymentPostprocessing = 0;
		};
/* End PBXSourcesBuildPhase section */

/* Begin PBXTargetDependency section */
		8B8625F01A69241900EA3BC4 /* PBXTargetDependency */ = {
			isa = PBXTargetDependency;
			target = 8B8625D81A69241900EA3BC4 /* Solver */;
			targetProxy = 8B8625EF1A69241900EA3BC4 /* PBXContainerItemProxy */;
		};
/* End PBXTargetDependency section */

/* Begin PBXVariantGroup section */
		8B8625E21A69241900EA3BC4 /* Main.storyboard */ = {
			isa = PBXVariantGroup;
			children = (
				8B8625E31A69241900EA3BC4 /* Base */,
			);
			name = Main.storyboard;
			sourceTree = "<group>";
		};
		8B8625E71A69241900EA3BC4 /* LaunchScreen.xib */ = {
			isa = PBXVariantGroup;
			children = (
				8B8625E81A69241900EA3BC4 /* Base */,
			);
			name = LaunchScreen.xib;
			sourceTree = "<group>";
		};
/* End PBXVariantGroup section */

/* Begin XCBuildConfiguration section */
		8B8625F61A69241900EA3BC4 /* Debug */ = {
			isa = XCBuildConfiguration;
			buildSettings = {
				ALWAYS_SEARCH_USER_PATHS = NO;
				CLANG_CXX_LANGUAGE_STANDARD = "gnu++0x";
				CLANG_CXX_LIBRARY = "libc++";
				CLANG_ENABLE_MODULES = YES;
				CLANG_ENABLE_OBJC_ARC = YES;
				CLANG_WARN_BOOL_CONVERSION = YES;
				CLANG_WARN_CONSTANT_CONVERSION = YES;
				CLANG_WARN_DIRECT_OBJC_ISA_USAGE = YES_ERROR;
				CLANG_WARN_EMPTY_BODY = YES;
				CLANG_WARN_ENUM_CONVERSION = YES;
				CLANG_WARN_INT_CONVERSION = YES;
				CLANG_WARN_OBJC_ROOT_CLASS = YES_ERROR;
				CLANG_WARN_UNREACHABLE_CODE = YES;
				CLANG_WARN__DUPLICATE_METHOD_MATCH = YES;
				"CODE_SIGN_IDENTITY[sdk=iphoneos*]" = "iPhone Developer";
				COPY_PHASE_STRIP = NO;
				ENABLE_STRICT_OBJC_MSGSEND = YES;
				GCC_C_LANGUAGE_STANDARD = gnu99;
				GCC_DYNAMIC_NO_PIC = NO;
				GCC_OPTIMIZATION_LEVEL = 0;
				GCC_PREPROCESSOR_DEFINITIONS = (
					"DEBUG=1",
					"$(inherited)",
				);
				GCC_SYMBOLS_PRIVATE_EXTERN = NO;
				GCC_WARN_64_TO_32_BIT_CONVERSION = YES;
				GCC_WARN_ABOUT_RETURN_TYPE = YES_ERROR;
				GCC_WARN_UNDECLARED_SELECTOR = YES;
				GCC_WARN_UNINITIALIZED_AUTOS = YES_AGGRESSIVE;
				GCC_WARN_UNUSED_FUNCTION = YES;
				GCC_WARN_UNUSED_VARIABLE = YES;
				IPHONEOS_DEPLOYMENT_TARGET = 8.1;
				MTL_ENABLE_DEBUG_INFO = YES;
				ONLY_ACTIVE_ARCH = YES;
				SDKROOT = iphoneos;
				SWIFT_OPTIMIZATION_LEVEL = "-Onone";
				TARGETED_DEVICE_FAMILY = "1,2";
			};
			name = Debug;
		};
		8B8625F71A69241900EA3BC4 /* Release */ = {
			isa = XCBuildConfiguration;
			buildSettings = {
				ALWAYS_SEARCH_USER_PATHS = NO;
				CLANG_CXX_LANGUAGE_STANDARD = "gnu++0x";
				CLANG_CXX_LIBRARY = "libc++";
				CLANG_ENABLE_MODULES = YES;
				CLANG_ENABLE_OBJC_ARC = YES;
				CLANG_WARN_BOOL_CONVERSION = YES;
				CLANG_WARN_CONSTANT_CONVERSION = YES;
				CLANG_WARN_DIRECT_OBJC_ISA_USAGE = YES_ERROR;
				CLANG_WARN_EMPTY_BODY = YES;
				CLANG_WARN_ENUM_CONVERSION = YES;
				CLANG_WARN_INT_CONVERSION = YES;
				CLANG_WARN_OBJC_ROOT_CLASS = YES_ERROR;
				CLANG_WARN_UNREACHABLE_CODE = YES;
				CLANG_WARN__DUPLICATE_METHOD_MATCH = YES;
				"CODE_SIGN_IDENTITY[sdk=iphoneos*]" = "iPhone Developer";
				COPY_PHASE_STRIP = YES;
				ENABLE_NS_ASSERTIONS = NO;
				ENABLE_STRICT_OBJC_MSGSEND = YES;
				GCC_C_LANGUAGE_STANDARD = gnu99;
				GCC_WARN_64_TO_32_BIT_CONVERSION = YES;
				GCC_WARN_ABOUT_RETURN_TYPE = YES_ERROR;
				GCC_WARN_UNDECLARED_SELECTOR = YES;
				GCC_WARN_UNINITIALIZED_AUTOS = YES_AGGRESSIVE;
				GCC_WARN_UNUSED_FUNCTION = YES;
				GCC_WARN_UNUSED_VARIABLE = YES;
				IPHONEOS_DEPLOYMENT_TARGET = 8.1;
				MTL_ENABLE_DEBUG_INFO = NO;
				SDKROOT = iphoneos;
				TARGETED_DEVICE_FAMILY = "1,2";
				VALIDATE_PRODUCT = YES;
			};
			name = Release;
		};
		8B8625F91A69241900EA3BC4 /* Debug */ = {
			isa = XCBuildConfiguration;
			buildSettings = {
				ASSETCATALOG_COMPILER_APPICON_NAME = AppIcon;
				INFOPLIST_FILE = Solver/Info.plist;
				LD_RUNPATH_SEARCH_PATHS = "$(inherited) @executable_path/Frameworks";
				PRODUCT_NAME = "$(TARGET_NAME)";
			};
			name = Debug;
		};
		8B8625FA1A69241900EA3BC4 /* Release */ = {
			isa = XCBuildConfiguration;
			buildSettings = {
				ASSETCATALOG_COMPILER_APPICON_NAME = AppIcon;
				INFOPLIST_FILE = Solver/Info.plist;
				LD_RUNPATH_SEARCH_PATHS = "$(inherited) @executable_path/Frameworks";
				PRODUCT_NAME = "$(TARGET_NAME)";
			};
			name = Release;
		};
		8B8625FC1A69241900EA3BC4 /* Debug */ = {
			isa = XCBuildConfiguration;
			buildSettings = {
				BUNDLE_LOADER = "$(TEST_HOST)";
				FRAMEWORK_SEARCH_PATHS = (
					"$(SDKROOT)/Developer/Library/Frameworks",
					"$(inherited)",
				);
				GCC_PREPROCESSOR_DEFINITIONS = (
					"DEBUG=1",
					"$(inherited)",
				);
				INFOPLIST_FILE = SolverTests/Info.plist;
				LD_RUNPATH_SEARCH_PATHS = "$(inherited) @executable_path/Frameworks @loader_path/Frameworks";
				PRODUCT_NAME = "$(TARGET_NAME)";
				TEST_HOST = "$(BUILT_PRODUCTS_DIR)/Solver.app/Solver";
			};
			name = Debug;
		};
		8B8625FD1A69241900EA3BC4 /* Release */ = {
			isa = XCBuildConfiguration;
			buildSettings = {
				BUNDLE_LOADER = "$(TEST_HOST)";
				FRAMEWORK_SEARCH_PATHS = (
					"$(SDKROOT)/Developer/Library/Frameworks",
					"$(inherited)",
				);
				INFOPLIST_FILE = SolverTests/Info.plist;
				LD_RUNPATH_SEARCH_PATHS = "$(inherited) @executable_path/Frameworks @loader_path/Frameworks";
				PRODUCT_NAME = "$(TARGET_NAME)";
				TEST_HOST = "$(BUILT_PRODUCTS_DIR)/Solver.app/Solver";
			};
			name = Release;
		};
/* End XCBuildConfiguration section */

/* Begin XCConfigurationList section */
		8B8625D41A69241900EA3BC4 /* Build configuration list for PBXProject "Solver" */ = {
			isa = XCConfigurationList;
			buildConfigurations = (
				8B8625F61A69241900EA3BC4 /* Debug */,
				8B8625F71A69241900EA3BC4 /* Release */,
			);
			defaultConfigurationIsVisible = 0;
			defaultConfigurationName = Release;
		};
		8B8625F81A69241900EA3BC4 /* Build configuration list for PBXNativeTarget "Solver" */ = {
			isa = XCConfigurationList;
			buildConfigurations = (
				8B8625F91A69241900EA3BC4 /* Debug */,
				8B8625FA1A69241900EA3BC4 /* Release */,
			);
			defaultConfigurationIsVisible = 0;
			defaultConfigurationName = Release;
		};
		8B8625FB1A69241900EA3BC4 /* Build configuration list for PBXNativeTarget "SolverTests" */ = {
			isa = XCConfigurationList;
			buildConfigurations = (
				8B8625FC1A69241900EA3BC4 /* Debug */,
				8B8625FD1A69241900EA3BC4 /* Release */,
			);
			defaultConfigurationIsVisible = 0;
			defaultConfigurationName = Release;
		};
/* End XCConfigurationList section */
	};
	rootObject = 8B8625D11A69241900EA3BC4 /* Project object */;
}
